// !$*UTF8*$!
{
	archiveVersion = 1;
	classes = {
	};
	objectVersion = 50;
	objects = {

/* Begin PBXBuildFile section */
		40B478C854EB1EBE581D0831 /* Pods_AuthTest.framework in Frameworks */ = {isa = PBXBuildFile; fileRef = CB995D831B4503CE886DF315 /* Pods_AuthTest.framework */; };
		57F786A6222176B900450E54 /* AppDelegate.swift in Sources */ = {isa = PBXBuildFile; fileRef = 57F786A5222176B900450E54 /* AppDelegate.swift */; };
		57F786AB222176BA00450E54 /* Main.storyboard in Resources */ = {isa = PBXBuildFile; fileRef = 57F786A9222176B900450E54 /* Main.storyboard */; };
		57F786AE222176BA00450E54 /* AuthTest.xcdatamodeld in Sources */ = {isa = PBXBuildFile; fileRef = 57F786AC222176BA00450E54 /* AuthTest.xcdatamodeld */; };
		57F786B0222176BB00450E54 /* Assets.xcassets in Resources */ = {isa = PBXBuildFile; fileRef = 57F786AF222176BB00450E54 /* Assets.xcassets */; };
		57F786B3222176BB00450E54 /* LaunchScreen.storyboard in Resources */ = {isa = PBXBuildFile; fileRef = 57F786B1222176BB00450E54 /* LaunchScreen.storyboard */; };
		57F786D8222179E200450E54 /* MainVC.swift in Sources */ = {isa = PBXBuildFile; fileRef = 57F786D7222179E200450E54 /* MainVC.swift */; };
		57F786DC22217AE900450E54 /* AuthVC.swift in Sources */ = {isa = PBXBuildFile; fileRef = 57F786DB22217AE900450E54 /* AuthVC.swift */; };
		57F786DE22217B8500450E54 /* AuthViewModel.swift in Sources */ = {isa = PBXBuildFile; fileRef = 57F786DD22217B8500450E54 /* AuthViewModel.swift */; };
		57F786E22221852100450E54 /* NetworkService.swift in Sources */ = {isa = PBXBuildFile; fileRef = 57F786E12221852100450E54 /* NetworkService.swift */; };
		57F786F222228CB900450E54 /* SFUIText-Regular.otf in Resources */ = {isa = PBXBuildFile; fileRef = 57F786F122228CA200450E54 /* SFUIText-Regular.otf */; };
		57F786F322228CBC00450E54 /* SFUIText-Medium.otf in Resources */ = {isa = PBXBuildFile; fileRef = 57F786F022228C9B00450E54 /* SFUIText-Medium.otf */; };
		57F786F52223033D00450E54 /* StringExtension.swift in Sources */ = {isa = PBXBuildFile; fileRef = 57F786F42223033D00450E54 /* StringExtension.swift */; };
		57F786F72223045400450E54 /* AuthVC+Actions.swift in Sources */ = {isa = PBXBuildFile; fileRef = 57F786F62223045400450E54 /* AuthVC+Actions.swift */; };
		57F786F92223093B00450E54 /* ViewControllerExtension.swift in Sources */ = {isa = PBXBuildFile; fileRef = 57F786F82223093B00450E54 /* ViewControllerExtension.swift */; };
		57F786FE22230DB500450E54 /* AuthVC+UITextFieldDelegate.swift in Sources */ = {isa = PBXBuildFile; fileRef = 57F786FD22230DB500450E54 /* AuthVC+UITextFieldDelegate.swift */; };
/* End PBXBuildFile section */

/* Begin PBXFileReference section */
		2EC4147A1AED0677B0CB953E /* Pods-AuthTestUITests.debug.xcconfig */ = {isa = PBXFileReference; includeInIndex = 1; lastKnownFileType = text.xcconfig; name = "Pods-AuthTestUITests.debug.xcconfig"; path = "Pods/Target Support Files/Pods-AuthTestUITests/Pods-AuthTestUITests.debug.xcconfig"; sourceTree = "<group>"; };
		47B68F826DA61DEEC72D2891 /* Pods_AuthTestUITests.framework */ = {isa = PBXFileReference; explicitFileType = wrapper.framework; includeInIndex = 0; path = Pods_AuthTestUITests.framework; sourceTree = BUILT_PRODUCTS_DIR; };
		4FF627E0E64EDA7CDF18F1C8 /* Pods-AuthTestTests.release.xcconfig */ = {isa = PBXFileReference; includeInIndex = 1; lastKnownFileType = text.xcconfig; name = "Pods-AuthTestTests.release.xcconfig"; path = "Pods/Target Support Files/Pods-AuthTestTests/Pods-AuthTestTests.release.xcconfig"; sourceTree = "<group>"; };
		57F786A2222176B900450E54 /* AuthTest.app */ = {isa = PBXFileReference; explicitFileType = wrapper.application; includeInIndex = 0; path = AuthTest.app; sourceTree = BUILT_PRODUCTS_DIR; };
		57F786A5222176B900450E54 /* AppDelegate.swift */ = {isa = PBXFileReference; lastKnownFileType = sourcecode.swift; path = AppDelegate.swift; sourceTree = "<group>"; };
		57F786AA222176B900450E54 /* Base */ = {isa = PBXFileReference; lastKnownFileType = file.storyboard; name = Base; path = Base.lproj/Main.storyboard; sourceTree = "<group>"; };
		57F786AD222176BA00450E54 /* AuthTest.xcdatamodel */ = {isa = PBXFileReference; lastKnownFileType = wrapper.xcdatamodel; path = AuthTest.xcdatamodel; sourceTree = "<group>"; };
		57F786AF222176BB00450E54 /* Assets.xcassets */ = {isa = PBXFileReference; lastKnownFileType = folder.assetcatalog; path = Assets.xcassets; sourceTree = "<group>"; };
		57F786B2222176BB00450E54 /* Base */ = {isa = PBXFileReference; lastKnownFileType = file.storyboard; name = Base; path = Base.lproj/LaunchScreen.storyboard; sourceTree = "<group>"; };
		57F786B4222176BB00450E54 /* Info.plist */ = {isa = PBXFileReference; lastKnownFileType = text.plist.xml; path = Info.plist; sourceTree = "<group>"; };
		57F786D7222179E200450E54 /* MainVC.swift */ = {isa = PBXFileReference; lastKnownFileType = sourcecode.swift; path = MainVC.swift; sourceTree = "<group>"; };
		57F786DB22217AE900450E54 /* AuthVC.swift */ = {isa = PBXFileReference; lastKnownFileType = sourcecode.swift; path = AuthVC.swift; sourceTree = "<group>"; };
		57F786DD22217B8500450E54 /* AuthViewModel.swift */ = {isa = PBXFileReference; lastKnownFileType = sourcecode.swift; path = AuthViewModel.swift; sourceTree = "<group>"; };
		57F786E12221852100450E54 /* NetworkService.swift */ = {isa = PBXFileReference; lastKnownFileType = sourcecode.swift; path = NetworkService.swift; sourceTree = "<group>"; };
		57F786F022228C9B00450E54 /* SFUIText-Medium.otf */ = {isa = PBXFileReference; lastKnownFileType = file; path = "SFUIText-Medium.otf"; sourceTree = "<group>"; };
		57F786F122228CA200450E54 /* SFUIText-Regular.otf */ = {isa = PBXFileReference; lastKnownFileType = file; path = "SFUIText-Regular.otf"; sourceTree = "<group>"; };
		57F786F42223033D00450E54 /* StringExtension.swift */ = {isa = PBXFileReference; lastKnownFileType = sourcecode.swift; path = StringExtension.swift; sourceTree = "<group>"; };
		57F786F62223045400450E54 /* AuthVC+Actions.swift */ = {isa = PBXFileReference; lastKnownFileType = sourcecode.swift; path = "AuthVC+Actions.swift"; sourceTree = "<group>"; };
		57F786F82223093B00450E54 /* ViewControllerExtension.swift */ = {isa = PBXFileReference; lastKnownFileType = sourcecode.swift; path = ViewControllerExtension.swift; sourceTree = "<group>"; };
		57F786FD22230DB500450E54 /* AuthVC+UITextFieldDelegate.swift */ = {isa = PBXFileReference; lastKnownFileType = sourcecode.swift; path = "AuthVC+UITextFieldDelegate.swift"; sourceTree = "<group>"; };
		590F0E40F7701A00424F42DF /* Pods-AuthTest.release.xcconfig */ = {isa = PBXFileReference; includeInIndex = 1; lastKnownFileType = text.xcconfig; name = "Pods-AuthTest.release.xcconfig"; path = "Pods/Target Support Files/Pods-AuthTest/Pods-AuthTest.release.xcconfig"; sourceTree = "<group>"; };
		9CCE114083DCAA1F03F8E2F6 /* Pods-AuthTestUITests.release.xcconfig */ = {isa = PBXFileReference; includeInIndex = 1; lastKnownFileType = text.xcconfig; name = "Pods-AuthTestUITests.release.xcconfig"; path = "Pods/Target Support Files/Pods-AuthTestUITests/Pods-AuthTestUITests.release.xcconfig"; sourceTree = "<group>"; };
		B069ECA45A39EAED1E9F6159 /* Pods-AuthTest.debug.xcconfig */ = {isa = PBXFileReference; includeInIndex = 1; lastKnownFileType = text.xcconfig; name = "Pods-AuthTest.debug.xcconfig"; path = "Pods/Target Support Files/Pods-AuthTest/Pods-AuthTest.debug.xcconfig"; sourceTree = "<group>"; };
		C6288E40A229B87DDFC7309E /* Pods_AuthTestTests.framework */ = {isa = PBXFileReference; explicitFileType = wrapper.framework; includeInIndex = 0; path = Pods_AuthTestTests.framework; sourceTree = BUILT_PRODUCTS_DIR; };
		CB995D831B4503CE886DF315 /* Pods_AuthTest.framework */ = {isa = PBXFileReference; explicitFileType = wrapper.framework; includeInIndex = 0; path = Pods_AuthTest.framework; sourceTree = BUILT_PRODUCTS_DIR; };
		D0329C9FDF91F06AC3835EC6 /* Pods-AuthTestTests.debug.xcconfig */ = {isa = PBXFileReference; includeInIndex = 1; lastKnownFileType = text.xcconfig; name = "Pods-AuthTestTests.debug.xcconfig"; path = "Pods/Target Support Files/Pods-AuthTestTests/Pods-AuthTestTests.debug.xcconfig"; sourceTree = "<group>"; };
/* End PBXFileReference section */

/* Begin PBXFrameworksBuildPhase section */
		57F7869F222176B900450E54 /* Frameworks */ = {
			isa = PBXFrameworksBuildPhase;
			buildActionMask = 2147483647;
			files = (
				40B478C854EB1EBE581D0831 /* Pods_AuthTest.framework in Frameworks */,
			);
			runOnlyForDeploymentPostprocessing = 0;
		};
/* End PBXFrameworksBuildPhase section */

/* Begin PBXGroup section */
		473B8BA1CFCFC6DF9EA82D26 /* Pods */ = {
			isa = PBXGroup;
			children = (
				B069ECA45A39EAED1E9F6159 /* Pods-AuthTest.debug.xcconfig */,
				590F0E40F7701A00424F42DF /* Pods-AuthTest.release.xcconfig */,
				D0329C9FDF91F06AC3835EC6 /* Pods-AuthTestTests.debug.xcconfig */,
				4FF627E0E64EDA7CDF18F1C8 /* Pods-AuthTestTests.release.xcconfig */,
				2EC4147A1AED0677B0CB953E /* Pods-AuthTestUITests.debug.xcconfig */,
				9CCE114083DCAA1F03F8E2F6 /* Pods-AuthTestUITests.release.xcconfig */,
			);
			name = Pods;
			sourceTree = "<group>";
		};
		484D99EAF44A779B9B4EBDCC /* Frameworks */ = {
			isa = PBXGroup;
			children = (
				CB995D831B4503CE886DF315 /* Pods_AuthTest.framework */,
				C6288E40A229B87DDFC7309E /* Pods_AuthTestTests.framework */,
				47B68F826DA61DEEC72D2891 /* Pods_AuthTestUITests.framework */,
			);
			name = Frameworks;
			sourceTree = "<group>";
		};
		57F78699222176B900450E54 = {
			isa = PBXGroup;
			children = (
				57F786A4222176B900450E54 /* AuthTest */,
				57F786A3222176B900450E54 /* Products */,
				473B8BA1CFCFC6DF9EA82D26 /* Pods */,
				484D99EAF44A779B9B4EBDCC /* Frameworks */,
			);
			sourceTree = "<group>";
		};
		57F786A3222176B900450E54 /* Products */ = {
			isa = PBXGroup;
			children = (
				57F786A2222176B900450E54 /* AuthTest.app */,
			);
			name = Products;
			sourceTree = "<group>";
		};
		57F786A4222176B900450E54 /* AuthTest */ = {
			isa = PBXGroup;
			children = (
				57F786A5222176B900450E54 /* AppDelegate.swift */,
				57F786DF2221849A00450E54 /* Services */,
				57F786D6222179D000450E54 /* Controllers */,
				57F786E32221853D00450E54 /* Extensions */,
				57F786EE22228C6700450E54 /* Support */,
				57F786AF222176BB00450E54 /* Assets.xcassets */,
				57F786B4222176BB00450E54 /* Info.plist */,
				57F786A9222176B900450E54 /* Main.storyboard */,
				57F786B1222176BB00450E54 /* LaunchScreen.storyboard */,
				57F786AC222176BA00450E54 /* AuthTest.xcdatamodeld */,
			);
			path = AuthTest;
			sourceTree = "<group>";
		};
		57F786D6222179D000450E54 /* Controllers */ = {
			isa = PBXGroup;
			children = (
				57F786DA22217ADB00450E54 /* AuthVC */,
				57F786D9222179EA00450E54 /* MainVC */,
			);
			path = Controllers;
			sourceTree = "<group>";
		};
		57F786D9222179EA00450E54 /* MainVC */ = {
			isa = PBXGroup;
			children = (
				57F786D7222179E200450E54 /* MainVC.swift */,
			);
			path = MainVC;
			sourceTree = "<group>";
		};
		57F786DA22217ADB00450E54 /* AuthVC */ = {
			isa = PBXGroup;
			children = (
				57F786DD22217B8500450E54 /* AuthViewModel.swift */,
				57F786DB22217AE900450E54 /* AuthVC.swift */,
				57F786F62223045400450E54 /* AuthVC+Actions.swift */,
				57F786FD22230DB500450E54 /* AuthVC+UITextFieldDelegate.swift */,
			);
			path = AuthVC;
			sourceTree = "<group>";
		};
		57F786DF2221849A00450E54 /* Services */ = {
			isa = PBXGroup;
			children = (
				57F786E12221852100450E54 /* NetworkService.swift */,
			);
			path = Services;
			sourceTree = "<group>";
		};
		57F786E32221853D00450E54 /* Extensions */ = {
			isa = PBXGroup;
			children = (
				57F786F42223033D00450E54 /* StringExtension.swift */,
				57F786F82223093B00450E54 /* ViewControllerExtension.swift */,
			);
			path = Extensions;
			sourceTree = "<group>";
		};
		57F786EE22228C6700450E54 /* Support */ = {
			isa = PBXGroup;
			children = (
				57F786EF22228C7F00450E54 /* Fonts */,
			);
			path = Support;
			sourceTree = "<group>";
		};
		57F786EF22228C7F00450E54 /* Fonts */ = {
			isa = PBXGroup;
			children = (
				57F786F122228CA200450E54 /* SFUIText-Regular.otf */,
				57F786F022228C9B00450E54 /* SFUIText-Medium.otf */,
			);
			name = Fonts;
			path = ../..;
			sourceTree = "<group>";
		};
/* End PBXGroup section */

/* Begin PBXNativeTarget section */
		57F786A1222176B900450E54 /* AuthTest */ = {
			isa = PBXNativeTarget;
			buildConfigurationList = 57F786CD222176BB00450E54 /* Build configuration list for PBXNativeTarget "AuthTest" */;
			buildPhases = (
				4D12155DEF2D1C36D15B675C /* [CP] Check Pods Manifest.lock */,
				57F7869E222176B900450E54 /* Sources */,
				57F7869F222176B900450E54 /* Frameworks */,
				57F786A0222176B900450E54 /* Resources */,
				0402B281E7AE8C30CF043430 /* [CP] Embed Pods Frameworks */,
			);
			buildRules = (
			);
			dependencies = (
			);
			name = AuthTest;
			productName = AuthTest;
			productReference = 57F786A2222176B900450E54 /* AuthTest.app */;
			productType = "com.apple.product-type.application";
		};
/* End PBXNativeTarget section */

/* Begin PBXProject section */
		57F7869A222176B900450E54 /* Project object */ = {
			isa = PBXProject;
			attributes = {
				LastSwiftUpdateCheck = 1010;
				LastUpgradeCheck = 1010;
				ORGANIZATIONNAME = "Maxim Prigozhenkov";
				TargetAttributes = {
					57F786A1222176B900450E54 = {
						CreatedOnToolsVersion = 10.1;
					};
				};
			};
			buildConfigurationList = 57F7869D222176B900450E54 /* Build configuration list for PBXProject "AuthTest" */;
			compatibilityVersion = "Xcode 9.3";
			developmentRegion = en;
			hasScannedForEncodings = 0;
			knownRegions = (
				en,
				Base,
			);
			mainGroup = 57F78699222176B900450E54;
			productRefGroup = 57F786A3222176B900450E54 /* Products */;
			projectDirPath = "";
			projectRoot = "";
			targets = (
				57F786A1222176B900450E54 /* AuthTest */,
			);
		};
/* End PBXProject section */

/* Begin PBXResourcesBuildPhase section */
		57F786A0222176B900450E54 /* Resources */ = {
			isa = PBXResourcesBuildPhase;
			buildActionMask = 2147483647;
			files = (
				57F786B3222176BB00450E54 /* LaunchScreen.storyboard in Resources */,
				57F786B0222176BB00450E54 /* Assets.xcassets in Resources */,
				57F786F222228CB900450E54 /* SFUIText-Regular.otf in Resources */,
				57F786AB222176BA00450E54 /* Main.storyboard in Resources */,
				57F786F322228CBC00450E54 /* SFUIText-Medium.otf in Resources */,
			);
			runOnlyForDeploymentPostprocessing = 0;
		};
/* End PBXResourcesBuildPhase section */

/* Begin PBXShellScriptBuildPhase section */
		0402B281E7AE8C30CF043430 /* [CP] Embed Pods Frameworks */ = {
			isa = PBXShellScriptBuildPhase;
			buildActionMask = 2147483647;
			files = (
			);
			inputFileListPaths = (
			);
			inputPaths = (
				"${SRCROOT}/Pods/Target Support Files/Pods-AuthTest/Pods-AuthTest-frameworks.sh",
				"${BUILT_PRODUCTS_DIR}/Alamofire/Alamofire.framework",
				"${BUILT_PRODUCTS_DIR}/RxAtomic/RxAtomic.framework",
				"${BUILT_PRODUCTS_DIR}/RxCocoa/RxCocoa.framework",
				"${BUILT_PRODUCTS_DIR}/RxSwift/RxSwift.framework",
			);
			name = "[CP] Embed Pods Frameworks";
			outputFileListPaths = (
			);
			outputPaths = (
				"${TARGET_BUILD_DIR}/${FRAMEWORKS_FOLDER_PATH}/Alamofire.framework",
				"${TARGET_BUILD_DIR}/${FRAMEWORKS_FOLDER_PATH}/RxAtomic.framework",
				"${TARGET_BUILD_DIR}/${FRAMEWORKS_FOLDER_PATH}/RxCocoa.framework",
				"${TARGET_BUILD_DIR}/${FRAMEWORKS_FOLDER_PATH}/RxSwift.framework",
			);
			runOnlyForDeploymentPostprocessing = 0;
			shellPath = /bin/sh;
			shellScript = "\"${SRCROOT}/Pods/Target Support Files/Pods-AuthTest/Pods-AuthTest-frameworks.sh\"\n";
			showEnvVarsInLog = 0;
		};
		4D12155DEF2D1C36D15B675C /* [CP] Check Pods Manifest.lock */ = {
			isa = PBXShellScriptBuildPhase;
			buildActionMask = 2147483647;
			files = (
			);
			inputFileListPaths = (
			);
			inputPaths = (
				"${PODS_PODFILE_DIR_PATH}/Podfile.lock",
				"${PODS_ROOT}/Manifest.lock",
			);
			name = "[CP] Check Pods Manifest.lock";
			outputFileListPaths = (
			);
			outputPaths = (
				"$(DERIVED_FILE_DIR)/Pods-AuthTest-checkManifestLockResult.txt",
			);
			runOnlyForDeploymentPostprocessing = 0;
			shellPath = /bin/sh;
			shellScript = "diff \"${PODS_PODFILE_DIR_PATH}/Podfile.lock\" \"${PODS_ROOT}/Manifest.lock\" > /dev/null\nif [ $? != 0 ] ; then\n    # print error to STDERR\n    echo \"error: The sandbox is not in sync with the Podfile.lock. Run 'pod install' or update your CocoaPods installation.\" >&2\n    exit 1\nfi\n# This output is used by Xcode 'outputs' to avoid re-running this script phase.\necho \"SUCCESS\" > \"${SCRIPT_OUTPUT_FILE_0}\"\n";
			showEnvVarsInLog = 0;
		};
/* End PBXShellScriptBuildPhase section */

/* Begin PBXSourcesBuildPhase section */
		57F7869E222176B900450E54 /* Sources */ = {
			isa = PBXSourcesBuildPhase;
			buildActionMask = 2147483647;
			files = (
				57F786DE22217B8500450E54 /* AuthViewModel.swift in Sources */,
				57F786F52223033D00450E54 /* StringExtension.swift in Sources */,
				57F786FE22230DB500450E54 /* AuthVC+UITextFieldDelegate.swift in Sources */,
				57F786F92223093B00450E54 /* ViewControllerExtension.swift in Sources */,
				57F786AE222176BA00450E54 /* AuthTest.xcdatamodeld in Sources */,
				57F786D8222179E200450E54 /* MainVC.swift in Sources */,
				57F786DC22217AE900450E54 /* AuthVC.swift in Sources */,
				57F786E22221852100450E54 /* NetworkService.swift in Sources */,
				57F786F72223045400450E54 /* AuthVC+Actions.swift in Sources */,
				57F786A6222176B900450E54 /* AppDelegate.swift in Sources */,
			);
			runOnlyForDeploymentPostprocessing = 0;
		};
/* End PBXSourcesBuildPhase section */

/* Begin PBXVariantGroup section */
		57F786A9222176B900450E54 /* Main.storyboard */ = {
			isa = PBXVariantGroup;
			children = (
				57F786AA222176B900450E54 /* Base */,
			);
			name = Main.storyboard;
			sourceTree = "<group>";
		};
		57F786B1222176BB00450E54 /* LaunchScreen.storyboard */ = {
			isa = PBXVariantGroup;
			children = (
				57F786B2222176BB00450E54 /* Base */,
			);
			name = LaunchScreen.storyboard;
			sourceTree = "<group>";
		};
/* End PBXVariantGroup section */

/* Begin XCBuildConfiguration section */
		57F786CB222176BB00450E54 /* Debug */ = {
			isa = XCBuildConfiguration;
			buildSettings = {
				ALWAYS_SEARCH_USER_PATHS = NO;
				CLANG_ANALYZER_NONNULL = YES;
				CLANG_ANALYZER_NUMBER_OBJECT_CONVERSION = YES_AGGRESSIVE;
				CLANG_CXX_LANGUAGE_STANDARD = "gnu++14";
				CLANG_CXX_LIBRARY = "libc++";
				CLANG_ENABLE_MODULES = YES;
				CLANG_ENABLE_OBJC_ARC = YES;
				CLANG_ENABLE_OBJC_WEAK = YES;
				CLANG_WARN_BLOCK_CAPTURE_AUTORELEASING = YES;
				CLANG_WARN_BOOL_CONVERSION = YES;
				CLANG_WARN_COMMA = YES;
				CLANG_WARN_CONSTANT_CONVERSION = YES;
				CLANG_WARN_DEPRECATED_OBJC_IMPLEMENTATIONS = YES;
				CLANG_WARN_DIRECT_OBJC_ISA_USAGE = YES_ERROR;
				CLANG_WARN_DOCUMENTATION_COMMENTS = YES;
				CLANG_WARN_EMPTY_BODY = YES;
				CLANG_WARN_ENUM_CONVERSION = YES;
				CLANG_WARN_INFINITE_RECURSION = YES;
				CLANG_WARN_INT_CONVERSION = YES;
				CLANG_WARN_NON_LITERAL_NULL_CONVERSION = YES;
				CLANG_WARN_OBJC_IMPLICIT_RETAIN_SELF = YES;
				CLANG_WARN_OBJC_LITERAL_CONVERSION = YES;
				CLANG_WARN_OBJC_ROOT_CLASS = YES_ERROR;
				CLANG_WARN_RANGE_LOOP_ANALYSIS = YES;
				CLANG_WARN_STRICT_PROTOTYPES = YES;
				CLANG_WARN_SUSPICIOUS_MOVE = YES;
				CLANG_WARN_UNGUARDED_AVAILABILITY = YES_AGGRESSIVE;
				CLANG_WARN_UNREACHABLE_CODE = YES;
				CLANG_WARN__DUPLICATE_METHOD_MATCH = YES;
				CODE_SIGN_IDENTITY = "iPhone Developer";
				COPY_PHASE_STRIP = NO;
				DEBUG_INFORMATION_FORMAT = dwarf;
				ENABLE_STRICT_OBJC_MSGSEND = YES;
				ENABLE_TESTABILITY = YES;
				GCC_C_LANGUAGE_STANDARD = gnu11;
				GCC_DYNAMIC_NO_PIC = NO;
				GCC_NO_COMMON_BLOCKS = YES;
				GCC_OPTIMIZATION_LEVEL = 0;
				GCC_PREPROCESSOR_DEFINITIONS = (
					"DEBUG=1",
					"$(inherited)",
				);
				GCC_WARN_64_TO_32_BIT_CONVERSION = YES;
				GCC_WARN_ABOUT_RETURN_TYPE = YES_ERROR;
				GCC_WARN_UNDECLARED_SELECTOR = YES;
				GCC_WARN_UNINITIALIZED_AUTOS = YES_AGGRESSIVE;
				GCC_WARN_UNUSED_FUNCTION = YES;
				GCC_WARN_UNUSED_VARIABLE = YES;
				IPHONEOS_DEPLOYMENT_TARGET = 12.1;
				MTL_ENABLE_DEBUG_INFO = INCLUDE_SOURCE;
				MTL_FAST_MATH = YES;
				ONLY_ACTIVE_ARCH = YES;
				SDKROOT = iphoneos;
				SWIFT_ACTIVE_COMPILATION_CONDITIONS = DEBUG;
				SWIFT_OPTIMIZATION_LEVEL = "-Onone";
			};
			name = Debug;
		};
		57F786CC222176BB00450E54 /* Release */ = {
			isa = XCBuildConfiguration;
			buildSettings = {
				ALWAYS_SEARCH_USER_PATHS = NO;
				CLANG_ANALYZER_NONNULL = YES;
				CLANG_ANALYZER_NUMBER_OBJECT_CONVERSION = YES_AGGRESSIVE;
				CLANG_CXX_LANGUAGE_STANDARD = "gnu++14";
				CLANG_CXX_LIBRARY = "libc++";
				CLANG_ENABLE_MODULES = YES;
				CLANG_ENABLE_OBJC_ARC = YES;
				CLANG_ENABLE_OBJC_WEAK = YES;
				CLANG_WARN_BLOCK_CAPTURE_AUTORELEASING = YES;
				CLANG_WARN_BOOL_CONVERSION = YES;
				CLANG_WARN_COMMA = YES;
				CLANG_WARN_CONSTANT_CONVERSION = YES;
				CLANG_WARN_DEPRECATED_OBJC_IMPLEMENTATIONS = YES;
				CLANG_WARN_DIRECT_OBJC_ISA_USAGE = YES_ERROR;
				CLANG_WARN_DOCUMENTATION_COMMENTS = YES;
				CLANG_WARN_EMPTY_BODY = YES;
				CLANG_WARN_ENUM_CONVERSION = YES;
				CLANG_WARN_INFINITE_RECURSION = YES;
				CLANG_WARN_INT_CONVERSION = YES;
				CLANG_WARN_NON_LITERAL_NULL_CONVERSION = YES;
				CLANG_WARN_OBJC_IMPLICIT_RETAIN_SELF = YES;
				CLANG_WARN_OBJC_LITERAL_CONVERSION = YES;
				CLANG_WARN_OBJC_ROOT_CLASS = YES_ERROR;
				CLANG_WARN_RANGE_LOOP_ANALYSIS = YES;
				CLANG_WARN_STRICT_PROTOTYPES = YES;
				CLANG_WARN_SUSPICIOUS_MOVE = YES;
				CLANG_WARN_UNGUARDED_AVAILABILITY = YES_AGGRESSIVE;
				CLANG_WARN_UNREACHABLE_CODE = YES;
				CLANG_WARN__DUPLICATE_METHOD_MATCH = YES;
				CODE_SIGN_IDENTITY = "iPhone Developer";
				COPY_PHASE_STRIP = NO;
				DEBUG_INFORMATION_FORMAT = "dwarf-with-dsym";
				ENABLE_NS_ASSERTIONS = NO;
				ENABLE_STRICT_OBJC_MSGSEND = YES;
				GCC_C_LANGUAGE_STANDARD = gnu11;
				GCC_NO_COMMON_BLOCKS = YES;
				GCC_WARN_64_TO_32_BIT_CONVERSION = YES;
				GCC_WARN_ABOUT_RETURN_TYPE = YES_ERROR;
				GCC_WARN_UNDECLARED_SELECTOR = YES;
				GCC_WARN_UNINITIALIZED_AUTOS = YES_AGGRESSIVE;
				GCC_WARN_UNUSED_FUNCTION = YES;
				GCC_WARN_UNUSED_VARIABLE = YES;
				IPHONEOS_DEPLOYMENT_TARGET = 12.1;
				MTL_ENABLE_DEBUG_INFO = NO;
				MTL_FAST_MATH = YES;
				SDKROOT = iphoneos;
				SWIFT_COMPILATION_MODE = wholemodule;
				SWIFT_OPTIMIZATION_LEVEL = "-O";
				VALIDATE_PRODUCT = YES;
			};
			name = Release;
		};
		57F786CE222176BB00450E54 /* Debug */ = {
			isa = XCBuildConfiguration;
			baseConfigurationReference = B069ECA45A39EAED1E9F6159 /* Pods-AuthTest.debug.xcconfig */;
			buildSettings = {
				ASSETCATALOG_COMPILER_APPICON_NAME = AppIcon;
				CODE_SIGN_STYLE = Automatic;
				DEVELOPMENT_TEAM = 6AQRK93XAA;
				INFOPLIST_FILE = AuthTest/Info.plist;
				IPHONEOS_DEPLOYMENT_TARGET = 10;
				LD_RUNPATH_SEARCH_PATHS = (
					"$(inherited)",
					"@executable_path/Frameworks",
				);
				PRODUCT_BUNDLE_IDENTIFIER = nocompany.AuthTest;
				PRODUCT_NAME = "$(TARGET_NAME)";
				SWIFT_VERSION = 4.2;
				TARGETED_DEVICE_FAMILY = "1,2";
			};
			name = Debug;
		};
		57F786CF222176BB00450E54 /* Release */ = {
			isa = XCBuildConfiguration;
			baseConfigurationReference = 590F0E40F7701A00424F42DF /* Pods-AuthTest.release.xcconfig */;
			buildSettings = {
				ASSETCATALOG_COMPILER_APPICON_NAME = AppIcon;
				CODE_SIGN_STYLE = Automatic;
				DEVELOPMENT_TEAM = 6AQRK93XAA;
				INFOPLIST_FILE = AuthTest/Info.plist;
				IPHONEOS_DEPLOYMENT_TARGET = 10;
				LD_RUNPATH_SEARCH_PATHS = (
					"$(inherited)",
					"@executable_path/Frameworks",
				);
				PRODUCT_BUNDLE_IDENTIFIER = nocompany.AuthTest;
				PRODUCT_NAME = "$(TARGET_NAME)";
				SWIFT_VERSION = 4.2;
				TARGETED_DEVICE_FAMILY = "1,2";
			};
			name = Release;
		};
/* End XCBuildConfiguration section */

/* Begin XCConfigurationList section */
		57F7869D222176B900450E54 /* Build configuration list for PBXProject "AuthTest" */ = {
			isa = XCConfigurationList;
			buildConfigurations = (
				57F786CB222176BB00450E54 /* Debug */,
				57F786CC222176BB00450E54 /* Release */,
			);
			defaultConfigurationIsVisible = 0;
			defaultConfigurationName = Release;
		};
		57F786CD222176BB00450E54 /* Build configuration list for PBXNativeTarget "AuthTest" */ = {
			isa = XCConfigurationList;
			buildConfigurations = (
				57F786CE222176BB00450E54 /* Debug */,
				57F786CF222176BB00450E54 /* Release */,
			);
			defaultConfigurationIsVisible = 0;
			defaultConfigurationName = Release;
		};
/* End XCConfigurationList section */

/* Begin XCVersionGroup section */
		57F786AC222176BA00450E54 /* AuthTest.xcdatamodeld */ = {
			isa = XCVersionGroup;
			children = (
				57F786AD222176BA00450E54 /* AuthTest.xcdatamodel */,
			);
			currentVersion = 57F786AD222176BA00450E54 /* AuthTest.xcdatamodel */;
			path = AuthTest.xcdatamodeld;
			sourceTree = "<group>";
			versionGroupType = wrapper.xcdatamodel;
		};
/* End XCVersionGroup section */
	};
	rootObject = 57F7869A222176B900450E54 /* Project object */;
}
